
Microsoft Visual Studio Solution File, Format Version 12.00
# Visual Studio 15
Project("{FAE04EC0-301F-11D3-BF4B-00C04F79EFBC}") = "Assembly-CSharp", "Assembly-CSharp.csproj", "{8D609176-871B-CCCC-7FDE-447A83939C68}"
EndProject
Project("{FAE04EC0-301F-11D3-BF4B-00C04F79EFBC}") = "Unity.Recorder", "Unity.Recorder.csproj", "{54EFC484-19CE-73FF-E1C5-EFF782643BBB}"
EndProject
Project("{FAE04EC0-301F-11D3-BF4B-00C04F79EFBC}") = "Unity.Recorder.Samples", "Unity.Recorder.Samples.csproj", "{D5C23FB1-83A7-1CEE-FB5B-38D8AB4E9557}"
EndProject
Project("{FAE04EC0-301F-11D3-BF4B-00C04F79EFBC}") = "Unity.Recorder.Editor", "Unity.Recorder.Editor.csproj", "{E67677F0-CECD-7D72-6E7F-C55B3E5CA4AD}"
EndProject
Global
	GlobalSection(SolutionConfigurationPlatforms) = preSolution
		Debug|Any CPU = Debug|Any CPU
		Release|Any CPU = Release|Any CPU
	EndGlobalSection
	GlobalSection(ProjectConfigurationPlatforms) = postSolution
		{8D609176-871B-CCCC-7FDE-447A83939C68}.Debug|Any CPU.ActiveCfg = Debug|Any CPU
		{8D609176-871B-CCCC-7FDE-447A83939C68}.Debug|Any CPU.Build.0 = Debug|Any CPU
		{8D609176-871B-CCCC-7FDE-447A83939C68}.Release|Any CPU.ActiveCfg = Release|Any CPU
		{8D609176-871B-CCCC-7FDE-447A83939C68}.Release|Any CPU.Build.0 = Release|Any CPU
		{54EFC484-19CE-73FF-E1C5-EFF782643BBB}.Debug|Any CPU.ActiveCfg = Debug|Any CPU
		{54EFC484-19CE-73FF-E1C5-EFF782643BBB}.Debug|Any CPU.Build.0 = Debug|Any CPU
		{54EFC484-19CE-73FF-E1C5-EFF782643BBB}.Release|Any CPU.ActiveCfg = Release|Any CPU
		{54EFC484-19CE-73FF-E1C5-EFF782643BBB}.Release|Any CPU.Build.0 = Release|Any CPU
		{D5C23FB1-83A7-1CEE-FB5B-38D8AB4E9557}.Debug|Any CPU.ActiveCfg = Debug|Any CPU
		{D5C23FB1-83A7-1CEE-FB5B-38D8AB4E9557}.Debug|Any CPU.Build.0 = Debug|Any CPU
		{D5C23FB1-83A7-1CEE-FB5B-38D8AB4E9557}.Release|Any CPU.ActiveCfg = Release|Any CPU
		{D5C23FB1-83A7-1CEE-FB5B-38D8AB4E9557}.Release|Any CPU.Build.0 = Release|Any CPU
		{E67677F0-CECD-7D72-6E7F-C55B3E5CA4AD}.Debug|Any CPU.ActiveCfg = Debug|Any CPU
		{E67677F0-CECD-7D72-6E7F-C55B3E5CA4AD}.Debug|Any CPU.Build.0 = Debug|Any CPU
		{E67677F0-CECD-7D72-6E7F-C55B3E5CA4AD}.Release|Any CPU.ActiveCfg = Release|Any CPU
		{E67677F0-CECD-7D72-6E7F-C55B3E5CA4AD}.Release|Any CPU.Build.0 = Release|Any CPU
	EndGlobalSection
	GlobalSection(SolutionProperties) = preSolution
		HideSolutionNode = FALSE
	EndGlobalSection
EndGlobal
